PODS:
  - app_links (0.0.1):
    - Flutter
  - Firebase/Auth (11.12.0):
    - Firebase/CoreOnly
    - FirebaseAuth (~> 11.12.0)
  - Firebase/CoreOnly (11.12.0):
    - FirebaseCore (~> 11.12.0)
  - firebase_auth (5.5.3):
    - Firebase/Auth (= 11.12.0)
    - firebase_core
    - Flutter
  - firebase_core (3.13.0):
    - Firebase/CoreOnly (= 11.12.0)
    - Flutter
  - FirebaseAppCheckInterop (11.12.0)
  - FirebaseAuth (11.12.0):
    - FirebaseAppCheckInterop (~> 11.0)
    - FirebaseAuthInterop (~> 11.0)
    - FirebaseCore (~> 11.12.0)
    - FirebaseCoreExtension (~> 11.12.0)
    - GoogleUtilities/AppDelegateSwizzler (~> 8.0)
    - GoogleUtilities/Environment (~> 8.0)
    - GTMSessionFetcher/Core (< 5.0, >= 3.4)
    - RecaptchaInterop (~> 101.0)
  - FirebaseAuthInterop (11.12.0)
  - FirebaseCore (11.12.0):
    - FirebaseCoreInternal (~> 11.12.0)
    - GoogleUtilities/Environment (~> 8.0)
    - GoogleUtilities/Logger (~> 8.0)
  - FirebaseCoreExtension (11.12.0):
    - FirebaseCore (~> 11.12.0)
  - FirebaseCoreInternal (11.12.0):
    - "GoogleUtilities/NSData+zlib (~> 8.0)"
  - Flutter (1.0.0)
  - flutter_secure_storage (6.0.0):
    - Flutter
  - GoogleUtilities/AppDelegateSwizzler (8.1.0):
    - GoogleUtilities/Environment
    - GoogleUtilities/Logger
    - GoogleUtilities/Network
    - GoogleUtilities/Privacy
  - GoogleUtilities/Environment (8.1.0):
    - GoogleUtilities/Privacy
  - GoogleUtilities/Logger (8.1.0):
    - GoogleUtilities/Environment
    - GoogleUtilities/Privacy
  - GoogleUtilities/Network (8.1.0):
    - GoogleUtilities/Logger
    - "GoogleUtilities/NSData+zlib"
    - GoogleUtilities/Privacy
    - GoogleUtilities/Reachability
  - "GoogleUtilities/NSData+zlib (8.1.0)":
    - GoogleUtilities/Privacy
  - GoogleUtilities/Privacy (8.1.0)
  - GoogleUtilities/Reachability (8.1.0):
    - GoogleUtilities/Logger
    - GoogleUtilities/Privacy
  - GTMSessionFetcher/Core (4.4.0)
  - path_provider_foundation (0.0.1):
    - Flutter
    - FlutterMacOS
  - RecaptchaInterop (101.0.0)
  - shared_preferences_foundation (0.0.1):
    - Flutter
    - FlutterMacOS
  - smart_auth (0.0.1):
    - Flutter
  - url_launcher_ios (0.0.1):
    - Flutter

DEPENDENCIES:
  - app_links (from `.symlinks/plugins/app_links/ios`)
  - firebase_auth (from `.symlinks/plugins/firebase_auth/ios`)
  - firebase_core (from `.symlinks/plugins/firebase_core/ios`)
  - Flutter (from `Flutter`)
  - flutter_secure_storage (from `.symlinks/plugins/flutter_secure_storage/ios`)
  - path_provider_foundation (from `.symlinks/plugins/path_provider_foundation/darwin`)
  - shared_preferences_foundation (from `.symlinks/plugins/shared_preferences_foundation/darwin`)
  - smart_auth (from `.symlinks/plugins/smart_auth/ios`)
  - url_launcher_ios (from `.symlinks/plugins/url_launcher_ios/ios`)

SPEC REPOS:
  trunk:
    - Firebase
    - FirebaseAppCheckInterop
    - FirebaseAuth
    - FirebaseAuthInterop
    - FirebaseCore
    - FirebaseCoreExtension
    - FirebaseCoreInternal
    - GoogleUtilities
    - GTMSessionFetcher
    - RecaptchaInterop

EXTERNAL SOURCES:
  app_links:
    :path: ".symlinks/plugins/app_links/ios"
  firebase_auth:
    :path: ".symlinks/plugins/firebase_auth/ios"
  firebase_core:
    :path: ".symlinks/plugins/firebase_core/ios"
  Flutter:
    :path: Flutter
  flutter_secure_storage:
    :path: ".symlinks/plugins/flutter_secure_storage/ios"
  path_provider_foundation:
    :path: ".symlinks/plugins/path_provider_foundation/darwin"
  shared_preferences_foundation:
    :path: ".symlinks/plugins/shared_preferences_foundation/darwin"
  smart_auth:
    :path: ".symlinks/plugins/smart_auth/ios"
  url_launcher_ios:
    :path: ".symlinks/plugins/url_launcher_ios/ios"

SPEC CHECKSUMS:
  app_links: c5161ac5ab5383ad046884568b4b91cb52df5d91
  Firebase: 735108d2d0b67827cd929bfe8254983907c4479f
  firebase_auth: 1b024be87a56b47b4db2ba5ce966a4aed19f9b2a
  firebase_core: 626aa216362bc9caa2b6d8b7a730ca26b7b742ed
  FirebaseAppCheckInterop: 73b173e5ec45192e2d522ad43f526a82ad10b852
  FirebaseAuth: 4ce97ceb271fce2b6cec6c53021930841442b15a
  FirebaseAuthInterop: b583210c039a60ed3f1e48865e1f3da44a796595
  FirebaseCore: 9d7a0caf39ec7317fbe13b3c7864c8c2acc60da8
  FirebaseCoreExtension: 5e42645fd3f7c2c59ea5ed7641dd58f02bc565d1
  FirebaseCoreInternal: 480d23e21f699cc7bcbc3d8eaa301f15d1e3ffaf
  Flutter: e0871f40cf51350855a761d2e70bf5af5b9b5de7
  flutter_secure_storage: 1ed9476fba7e7a782b22888f956cce43e2c62f13
  GoogleUtilities: 00c88b9a86066ef77f0da2fab05f65d7768ed8e1
  GTMSessionFetcher: 75b671f9e551e4c49153d4c4f8659ef4f559b970
  path_provider_foundation: 080d55be775b7414fd5a5ef3ac137b97b097e564
  RecaptchaInterop: 11e0b637842dfb48308d242afc3f448062325aba
  shared_preferences_foundation: 9e1978ff2562383bd5676f64ec4e9aa8fa06a6f7
  smart_auth: 33668081c5f646af84f10492a067d25fdcd16951
  url_launcher_ios: 694010445543906933d732453a59da0a173ae33d

PODFILE CHECKSUM: 4767a83b407e8e28296ad886666da5f636be721c

COCOAPODS: 1.16.2
